// !$*UTF8*$!
{
	archiveVersion = 1;
	classes = {
	};
	objectVersion = 50;
	objects = {

/* Begin PBXBuildFile section */
		3F7435D880022DBED3941FFB /* Pods_WastelandTests.framework in Frameworks */ = {isa = PBXBuildFile; fileRef = FFFD1CEAE074B34A436A32B4 /* Pods_WastelandTests.framework */; };
		9881B22623E3A72700D970B8 /* AppDelegate.swift in Sources */ = {isa = PBXBuildFile; fileRef = 9881B22523E3A72700D970B8 /* AppDelegate.swift */; };
		9881B22823E3A72700D970B8 /* SceneDelegate.swift in Sources */ = {isa = PBXBuildFile; fileRef = 9881B22723E3A72700D970B8 /* SceneDelegate.swift */; };
		9881B22A23E3A72700D970B8 /* ContentView.swift in Sources */ = {isa = PBXBuildFile; fileRef = 9881B22923E3A72700D970B8 /* ContentView.swift */; };
		9881B22C23E3A72800D970B8 /* Assets.xcassets in Resources */ = {isa = PBXBuildFile; fileRef = 9881B22B23E3A72800D970B8 /* Assets.xcassets */; };
		9881B22F23E3A72800D970B8 /* Preview Assets.xcassets in Resources */ = {isa = PBXBuildFile; fileRef = 9881B22E23E3A72800D970B8 /* Preview Assets.xcassets */; };
		9881B23223E3A72800D970B8 /* LaunchScreen.storyboard in Resources */ = {isa = PBXBuildFile; fileRef = 9881B23023E3A72800D970B8 /* LaunchScreen.storyboard */; };
		9881B23D23E3A72800D970B8 /* WastelandTests.swift in Sources */ = {isa = PBXBuildFile; fileRef = 9881B23C23E3A72800D970B8 /* WastelandTests.swift */; };
		9881B24823E3A72800D970B8 /* WastelandUITests.swift in Sources */ = {isa = PBXBuildFile; fileRef = 9881B24723E3A72800D970B8 /* WastelandUITests.swift */; };
		AEFFA4AA8DF409B614322677 /* Pods_Wasteland.framework in Frameworks */ = {isa = PBXBuildFile; fileRef = B0C440C12232F2E61D5A4F93 /* Pods_Wasteland.framework */; };
		F86DFE6CF61201A634B78CEA /* Pods_WastelandUITests.framework in Frameworks */ = {isa = PBXBuildFile; fileRef = 944F40C839D369FDCC4AD22F /* Pods_WastelandUITests.framework */; };
/* End PBXBuildFile section */

/* Begin PBXContainerItemProxy section */
		9881B23923E3A72800D970B8 /* PBXContainerItemProxy */ = {
			isa = PBXContainerItemProxy;
			containerPortal = 9881B21A23E3A72700D970B8 /* Project object */;
			proxyType = 1;
			remoteGlobalIDString = 9881B22123E3A72700D970B8;
			remoteInfo = Wasteland;
		};
		9881B24423E3A72800D970B8 /* PBXContainerItemProxy */ = {
			isa = PBXContainerItemProxy;
			containerPortal = 9881B21A23E3A72700D970B8 /* Project object */;
			proxyType = 1;
			remoteGlobalIDString = 9881B22123E3A72700D970B8;
			remoteInfo = Wasteland;
		};
/* End PBXContainerItemProxy section */

/* Begin PBXFileReference section */
		14DB1514E25067B761597F4E /* Pods-WastelandUITests.release.xcconfig */ = {isa = PBXFileReference; includeInIndex = 1; lastKnownFileType = text.xcconfig; name = "Pods-WastelandUITests.release.xcconfig"; path = "Target Support Files/Pods-WastelandUITests/Pods-WastelandUITests.release.xcconfig"; sourceTree = "<group>"; };
		3B20242A04CA6D1382CD1995 /* Pods-WastelandTests.release.xcconfig */ = {isa = PBXFileReference; includeInIndex = 1; lastKnownFileType = text.xcconfig; name = "Pods-WastelandTests.release.xcconfig"; path = "Target Support Files/Pods-WastelandTests/Pods-WastelandTests.release.xcconfig"; sourceTree = "<group>"; };
		7ED36EC84782B6596C0EAF1D /* Pods-Wasteland.release.xcconfig */ = {isa = PBXFileReference; includeInIndex = 1; lastKnownFileType = text.xcconfig; name = "Pods-Wasteland.release.xcconfig"; path = "Target Support Files/Pods-Wasteland/Pods-Wasteland.release.xcconfig"; sourceTree = "<group>"; };
		91B7F1AB28321F726126B243 /* Pods-Wasteland.debug.xcconfig */ = {isa = PBXFileReference; includeInIndex = 1; lastKnownFileType = text.xcconfig; name = "Pods-Wasteland.debug.xcconfig"; path = "Target Support Files/Pods-Wasteland/Pods-Wasteland.debug.xcconfig"; sourceTree = "<group>"; };
		944F40C839D369FDCC4AD22F /* Pods_WastelandUITests.framework */ = {isa = PBXFileReference; explicitFileType = wrapper.framework; includeInIndex = 0; path = Pods_WastelandUITests.framework; sourceTree = BUILT_PRODUCTS_DIR; };
		9881B22223E3A72700D970B8 /* Wasteland.app */ = {isa = PBXFileReference; explicitFileType = wrapper.application; includeInIndex = 0; path = Wasteland.app; sourceTree = BUILT_PRODUCTS_DIR; };
		9881B22523E3A72700D970B8 /* AppDelegate.swift */ = {isa = PBXFileReference; lastKnownFileType = sourcecode.swift; path = AppDelegate.swift; sourceTree = "<group>"; };
		9881B22723E3A72700D970B8 /* SceneDelegate.swift */ = {isa = PBXFileReference; lastKnownFileType = sourcecode.swift; path = SceneDelegate.swift; sourceTree = "<group>"; };
		9881B22923E3A72700D970B8 /* ContentView.swift */ = {isa = PBXFileReference; lastKnownFileType = sourcecode.swift; path = ContentView.swift; sourceTree = "<group>"; };
		9881B22B23E3A72800D970B8 /* Assets.xcassets */ = {isa = PBXFileReference; lastKnownFileType = folder.assetcatalog; path = Assets.xcassets; sourceTree = "<group>"; };
		9881B22E23E3A72800D970B8 /* Preview Assets.xcassets */ = {isa = PBXFileReference; lastKnownFileType = folder.assetcatalog; path = "Preview Assets.xcassets"; sourceTree = "<group>"; };
		9881B23123E3A72800D970B8 /* Base */ = {isa = PBXFileReference; lastKnownFileType = file.storyboard; name = Base; path = Base.lproj/LaunchScreen.storyboard; sourceTree = "<group>"; };
		9881B23323E3A72800D970B8 /* Info.plist */ = {isa = PBXFileReference; lastKnownFileType = text.plist.xml; path = Info.plist; sourceTree = "<group>"; };
		9881B23823E3A72800D970B8 /* WastelandTests.xctest */ = {isa = PBXFileReference; explicitFileType = wrapper.cfbundle; includeInIndex = 0; path = WastelandTests.xctest; sourceTree = BUILT_PRODUCTS_DIR; };
		9881B23C23E3A72800D970B8 /* WastelandTests.swift */ = {isa = PBXFileReference; lastKnownFileType = sourcecode.swift; path = WastelandTests.swift; sourceTree = "<group>"; };
		9881B23E23E3A72800D970B8 /* Info.plist */ = {isa = PBXFileReference; lastKnownFileType = text.plist.xml; path = Info.plist; sourceTree = "<group>"; };
		9881B24323E3A72800D970B8 /* WastelandUITests.xctest */ = {isa = PBXFileReference; explicitFileType = wrapper.cfbundle; includeInIndex = 0; path = WastelandUITests.xctest; sourceTree = BUILT_PRODUCTS_DIR; };
		9881B24723E3A72800D970B8 /* WastelandUITests.swift */ = {isa = PBXFileReference; lastKnownFileType = sourcecode.swift; path = WastelandUITests.swift; sourceTree = "<group>"; };
		9881B24923E3A72800D970B8 /* Info.plist */ = {isa = PBXFileReference; lastKnownFileType = text.plist.xml; path = Info.plist; sourceTree = "<group>"; };
		B0C440C12232F2E61D5A4F93 /* Pods_Wasteland.framework */ = {isa = PBXFileReference; explicitFileType = wrapper.framework; includeInIndex = 0; path = Pods_Wasteland.framework; sourceTree = BUILT_PRODUCTS_DIR; };
		C74D4C6121DB7D9C62338AAB /* Pods-WastelandUITests.debug.xcconfig */ = {isa = PBXFileReference; includeInIndex = 1; lastKnownFileType = text.xcconfig; name = "Pods-WastelandUITests.debug.xcconfig"; path = "Target Support Files/Pods-WastelandUITests/Pods-WastelandUITests.debug.xcconfig"; sourceTree = "<group>"; };
		C7FFA97E03A06E75F8C35577 /* Pods-WastelandTests.debug.xcconfig */ = {isa = PBXFileReference; includeInIndex = 1; lastKnownFileType = text.xcconfig; name = "Pods-WastelandTests.debug.xcconfig"; path = "Target Support Files/Pods-WastelandTests/Pods-WastelandTests.debug.xcconfig"; sourceTree = "<group>"; };
		FFFD1CEAE074B34A436A32B4 /* Pods_WastelandTests.framework */ = {isa = PBXFileReference; explicitFileType = wrapper.framework; includeInIndex = 0; path = Pods_WastelandTests.framework; sourceTree = BUILT_PRODUCTS_DIR; };
/* End PBXFileReference section */

/* Begin PBXFrameworksBuildPhase section */
		9881B21F23E3A72700D970B8 /* Frameworks */ = {
			isa = PBXFrameworksBuildPhase;
			buildActionMask = 2147483647;
			files = (
				AEFFA4AA8DF409B614322677 /* Pods_Wasteland.framework in Frameworks */,
			);
			runOnlyForDeploymentPostprocessing = 0;
		};
		9881B23523E3A72800D970B8 /* Frameworks */ = {
			isa = PBXFrameworksBuildPhase;
			buildActionMask = 2147483647;
			files = (
				3F7435D880022DBED3941FFB /* Pods_WastelandTests.framework in Frameworks */,
			);
			runOnlyForDeploymentPostprocessing = 0;
		};
		9881B24023E3A72800D970B8 /* Frameworks */ = {
			isa = PBXFrameworksBuildPhase;
			buildActionMask = 2147483647;
			files = (
				F86DFE6CF61201A634B78CEA /* Pods_WastelandUITests.framework in Frameworks */,
			);
			runOnlyForDeploymentPostprocessing = 0;
		};
/* End PBXFrameworksBuildPhase section */

/* Begin PBXGroup section */
		9881B21923E3A72700D970B8 = {
			isa = PBXGroup;
			children = (
				9881B22423E3A72700D970B8 /* Wasteland */,
				9881B23B23E3A72800D970B8 /* WastelandTests */,
				9881B24623E3A72800D970B8 /* WastelandUITests */,
				9881B22323E3A72700D970B8 /* Products */,
				EA789DCFFB29E3018FBBC2A3 /* Pods */,
				B577C7DB4A6A1558AB03D7AF /* Frameworks */,
			);
			sourceTree = "<group>";
		};
		9881B22323E3A72700D970B8 /* Products */ = {
			isa = PBXGroup;
			children = (
				9881B22223E3A72700D970B8 /* Wasteland.app */,
				9881B23823E3A72800D970B8 /* WastelandTests.xctest */,
				9881B24323E3A72800D970B8 /* WastelandUITests.xctest */,
			);
			name = Products;
			sourceTree = "<group>";
		};
		9881B22423E3A72700D970B8 /* Wasteland */ = {
			isa = PBXGroup;
			children = (
				9881B22523E3A72700D970B8 /* AppDelegate.swift */,
				9881B22723E3A72700D970B8 /* SceneDelegate.swift */,
				9881B22923E3A72700D970B8 /* ContentView.swift */,
				9881B22B23E3A72800D970B8 /* Assets.xcassets */,
				9881B23023E3A72800D970B8 /* LaunchScreen.storyboard */,
				9881B23323E3A72800D970B8 /* Info.plist */,
				9881B22D23E3A72800D970B8 /* Preview Content */,
			);
			path = Wasteland;
			sourceTree = "<group>";
		};
		9881B22D23E3A72800D970B8 /* Preview Content */ = {
			isa = PBXGroup;
			children = (
				9881B22E23E3A72800D970B8 /* Preview Assets.xcassets */,
			);
			path = "Preview Content";
			sourceTree = "<group>";
		};
		9881B23B23E3A72800D970B8 /* WastelandTests */ = {
			isa = PBXGroup;
			children = (
				9881B23C23E3A72800D970B8 /* WastelandTests.swift */,
				9881B23E23E3A72800D970B8 /* Info.plist */,
			);
			path = WastelandTests;
			sourceTree = "<group>";
		};
		9881B24623E3A72800D970B8 /* WastelandUITests */ = {
			isa = PBXGroup;
			children = (
				9881B24723E3A72800D970B8 /* WastelandUITests.swift */,
				9881B24923E3A72800D970B8 /* Info.plist */,
			);
			path = WastelandUITests;
			sourceTree = "<group>";
		};
		B577C7DB4A6A1558AB03D7AF /* Frameworks */ = {
			isa = PBXGroup;
			children = (
				B0C440C12232F2E61D5A4F93 /* Pods_Wasteland.framework */,
				FFFD1CEAE074B34A436A32B4 /* Pods_WastelandTests.framework */,
				944F40C839D369FDCC4AD22F /* Pods_WastelandUITests.framework */,
			);
			name = Frameworks;
			sourceTree = "<group>";
		};
		EA789DCFFB29E3018FBBC2A3 /* Pods */ = {
			isa = PBXGroup;
			children = (
				91B7F1AB28321F726126B243 /* Pods-Wasteland.debug.xcconfig */,
				7ED36EC84782B6596C0EAF1D /* Pods-Wasteland.release.xcconfig */,
				C7FFA97E03A06E75F8C35577 /* Pods-WastelandTests.debug.xcconfig */,
				3B20242A04CA6D1382CD1995 /* Pods-WastelandTests.release.xcconfig */,
				C74D4C6121DB7D9C62338AAB /* Pods-WastelandUITests.debug.xcconfig */,
				14DB1514E25067B761597F4E /* Pods-WastelandUITests.release.xcconfig */,
			);
			name = Pods;
			path = Pods;
			sourceTree = "<group>";
		};
/* End PBXGroup section */

/* Begin PBXNativeTarget section */
		9881B22123E3A72700D970B8 /* Wasteland */ = {
			isa = PBXNativeTarget;
			buildConfigurationList = 9881B24C23E3A72800D970B8 /* Build configuration list for PBXNativeTarget "Wasteland" */;
			buildPhases = (
				78DA20502D062C0D70AE81A0 /* [CP] Check Pods Manifest.lock */,
				9881B21E23E3A72700D970B8 /* Sources */,
				9881B21F23E3A72700D970B8 /* Frameworks */,
				9881B22023E3A72700D970B8 /* Resources */,
			);
			buildRules = (
			);
			dependencies = (
			);
			name = Wasteland;
			productName = Wasteland;
			productReference = 9881B22223E3A72700D970B8 /* Wasteland.app */;
			productType = "com.apple.product-type.application";
		};
		9881B23723E3A72800D970B8 /* WastelandTests */ = {
			isa = PBXNativeTarget;
			buildConfigurationList = 9881B24F23E3A72800D970B8 /* Build configuration list for PBXNativeTarget "WastelandTests" */;
			buildPhases = (
				A772509B9C9F83277CB28504 /* [CP] Check Pods Manifest.lock */,
				9881B23423E3A72800D970B8 /* Sources */,
				9881B23523E3A72800D970B8 /* Frameworks */,
				9881B23623E3A72800D970B8 /* Resources */,
			);
			buildRules = (
			);
			dependencies = (
				9881B23A23E3A72800D970B8 /* PBXTargetDependency */,
			);
			name = WastelandTests;
			productName = WastelandTests;
			productReference = 9881B23823E3A72800D970B8 /* WastelandTests.xctest */;
			productType = "com.apple.product-type.bundle.unit-test";
		};
		9881B24223E3A72800D970B8 /* WastelandUITests */ = {
			isa = PBXNativeTarget;
			buildConfigurationList = 9881B25223E3A72800D970B8 /* Build configuration list for PBXNativeTarget "WastelandUITests" */;
			buildPhases = (
				2BDB100C68B93FEC9D2FB73B /* [CP] Check Pods Manifest.lock */,
				9881B23F23E3A72800D970B8 /* Sources */,
				9881B24023E3A72800D970B8 /* Frameworks */,
				9881B24123E3A72800D970B8 /* Resources */,
			);
			buildRules = (
			);
			dependencies = (
				9881B24523E3A72800D970B8 /* PBXTargetDependency */,
			);
			name = WastelandUITests;
			productName = WastelandUITests;
			productReference = 9881B24323E3A72800D970B8 /* WastelandUITests.xctest */;
			productType = "com.apple.product-type.bundle.ui-testing";
		};
/* End PBXNativeTarget section */

/* Begin PBXProject section */
		9881B21A23E3A72700D970B8 /* Project object */ = {
			isa = PBXProject;
			attributes = {
				LastSwiftUpdateCheck = 1130;
				LastUpgradeCheck = 1130;
				ORGANIZATIONNAME = "Liam Stevenson";
				TargetAttributes = {
					9881B22123E3A72700D970B8 = {
						CreatedOnToolsVersion = 11.3.1;
					};
					9881B23723E3A72800D970B8 = {
						CreatedOnToolsVersion = 11.3.1;
						TestTargetID = 9881B22123E3A72700D970B8;
					};
					9881B24223E3A72800D970B8 = {
						CreatedOnToolsVersion = 11.3.1;
						TestTargetID = 9881B22123E3A72700D970B8;
					};
				};
			};
			buildConfigurationList = 9881B21D23E3A72700D970B8 /* Build configuration list for PBXProject "Wasteland" */;
			compatibilityVersion = "Xcode 9.3";
			developmentRegion = en;
			hasScannedForEncodings = 0;
			knownRegions = (
				en,
				Base,
			);
			mainGroup = 9881B21923E3A72700D970B8;
			productRefGroup = 9881B22323E3A72700D970B8 /* Products */;
			projectDirPath = "";
			projectRoot = "";
			targets = (
				9881B22123E3A72700D970B8 /* Wasteland */,
				9881B23723E3A72800D970B8 /* WastelandTests */,
				9881B24223E3A72800D970B8 /* WastelandUITests */,
			);
		};
/* End PBXProject section */

/* Begin PBXResourcesBuildPhase section */
		9881B22023E3A72700D970B8 /* Resources */ = {
			isa = PBXResourcesBuildPhase;
			buildActionMask = 2147483647;
			files = (
				9881B23223E3A72800D970B8 /* LaunchScreen.storyboard in Resources */,
				9881B22F23E3A72800D970B8 /* Preview Assets.xcassets in Resources */,
				9881B22C23E3A72800D970B8 /* Assets.xcassets in Resources */,
			);
			runOnlyForDeploymentPostprocessing = 0;
		};
		9881B23623E3A72800D970B8 /* Resources */ = {
			isa = PBXResourcesBuildPhase;
			buildActionMask = 2147483647;
			files = (
			);
			runOnlyForDeploymentPostprocessing = 0;
		};
		9881B24123E3A72800D970B8 /* Resources */ = {
			isa = PBXResourcesBuildPhase;
			buildActionMask = 2147483647;
			files = (
			);
			runOnlyForDeploymentPostprocessing = 0;
		};
/* End PBXResourcesBuildPhase section */

/* Begin PBXShellScriptBuildPhase section */
		2BDB100C68B93FEC9D2FB73B /* [CP] Check Pods Manifest.lock */ = {
			isa = PBXShellScriptBuildPhase;
			buildActionMask = 2147483647;
			files = (
			);
			inputFileListPaths = (
			);
			inputPaths = (
				"${PODS_PODFILE_DIR_PATH}/Podfile.lock",
				"${PODS_ROOT}/Manifest.lock",
			);
			name = "[CP] Check Pods Manifest.lock";
			outputFileListPaths = (
			);
			outputPaths = (
				"$(DERIVED_FILE_DIR)/Pods-WastelandUITests-checkManifestLockResult.txt",
			);
			runOnlyForDeploymentPostprocessing = 0;
			shellPath = /bin/sh;
			shellScript = "diff \"${PODS_PODFILE_DIR_PATH}/Podfile.lock\" \"${PODS_ROOT}/Manifest.lock\" > /dev/null\nif [ $? != 0 ] ; then\n    # print error to STDERR\n    echo \"error: The sandbox is not in sync with the Podfile.lock. Run 'pod install' or update your CocoaPods installation.\" >&2\n    exit 1\nfi\n# This output is used by Xcode 'outputs' to avoid re-running this script phase.\necho \"SUCCESS\" > \"${SCRIPT_OUTPUT_FILE_0}\"\n";
			showEnvVarsInLog = 0;
		};
		78DA20502D062C0D70AE81A0 /* [CP] Check Pods Manifest.lock */ = {
			isa = PBXShellScriptBuildPhase;
			buildActionMask = 2147483647;
			files = (
			);
			inputFileListPaths = (
			);
			inputPaths = (
				"${PODS_PODFILE_DIR_PATH}/Podfile.lock",
				"${PODS_ROOT}/Manifest.lock",
			);
			name = "[CP] Check Pods Manifest.lock";
			outputFileListPaths = (
			);
			outputPaths = (
				"$(DERIVED_FILE_DIR)/Pods-Wasteland-checkManifestLockResult.txt",
			);
			runOnlyForDeploymentPostprocessing = 0;
			shellPath = /bin/sh;
			shellScript = "diff \"${PODS_PODFILE_DIR_PATH}/Podfile.lock\" \"${PODS_ROOT}/Manifest.lock\" > /dev/null\nif [ $? != 0 ] ; then\n    # print error to STDERR\n    echo \"error: The sandbox is not in sync with the Podfile.lock. Run 'pod install' or update your CocoaPods installation.\" >&2\n    exit 1\nfi\n# This output is used by Xcode 'outputs' to avoid re-running this script phase.\necho \"SUCCESS\" > \"${SCRIPT_OUTPUT_FILE_0}\"\n";
			showEnvVarsInLog = 0;
		};
		A772509B9C9F83277CB28504 /* [CP] Check Pods Manifest.lock */ = {
			isa = PBXShellScriptBuildPhase;
			buildActionMask = 2147483647;
			files = (
			);
			inputFileListPaths = (
			);
			inputPaths = (
				"${PODS_PODFILE_DIR_PATH}/Podfile.lock",
				"${PODS_ROOT}/Manifest.lock",
			);
			name = "[CP] Check Pods Manifest.lock";
			outputFileListPaths = (
			);
			outputPaths = (
				"$(DERIVED_FILE_DIR)/Pods-WastelandTests-checkManifestLockResult.txt",
			);
			runOnlyForDeploymentPostprocessing = 0;
			shellPath = /bin/sh;
			shellScript = "diff \"${PODS_PODFILE_DIR_PATH}/Podfile.lock\" \"${PODS_ROOT}/Manifest.lock\" > /dev/null\nif [ $? != 0 ] ; then\n    # print error to STDERR\n    echo \"error: The sandbox is not in sync with the Podfile.lock. Run 'pod install' or update your CocoaPods installation.\" >&2\n    exit 1\nfi\n# This output is used by Xcode 'outputs' to avoid re-running this script phase.\necho \"SUCCESS\" > \"${SCRIPT_OUTPUT_FILE_0}\"\n";
			showEnvVarsInLog = 0;
		};
/* End PBXShellScriptBuildPhase section */

/* Begin PBXSourcesBuildPhase section */
		9881B21E23E3A72700D970B8 /* Sources */ = {
			isa = PBXSourcesBuildPhase;
			buildActionMask = 2147483647;
			files = (
				9881B22623E3A72700D970B8 /* AppDelegate.swift in Sources */,
				9881B22823E3A72700D970B8 /* SceneDelegate.swift in Sources */,
				9881B22A23E3A72700D970B8 /* ContentView.swift in Sources */,
			);
			runOnlyForDeploymentPostprocessing = 0;
		};
		9881B23423E3A72800D970B8 /* Sources */ = {
			isa = PBXSourcesBuildPhase;
			buildActionMask = 2147483647;
			files = (
				9881B23D23E3A72800D970B8 /* WastelandTests.swift in Sources */,
			);
			runOnlyForDeploymentPostprocessing = 0;
		};
		9881B23F23E3A72800D970B8 /* Sources */ = {
			isa = PBXSourcesBuildPhase;
			buildActionMask = 2147483647;
			files = (
				9881B24823E3A72800D970B8 /* WastelandUITests.swift in Sources */,
			);
			runOnlyForDeploymentPostprocessing = 0;
		};
/* End PBXSourcesBuildPhase section */

/* Begin PBXTargetDependency section */
		9881B23A23E3A72800D970B8 /* PBXTargetDependency */ = {
			isa = PBXTargetDependency;
			target = 9881B22123E3A72700D970B8 /* Wasteland */;
			targetProxy = 9881B23923E3A72800D970B8 /* PBXContainerItemProxy */;
		};
		9881B24523E3A72800D970B8 /* PBXTargetDependency */ = {
			isa = PBXTargetDependency;
			target = 9881B22123E3A72700D970B8 /* Wasteland */;
			targetProxy = 9881B24423E3A72800D970B8 /* PBXContainerItemProxy */;
		};
/* End PBXTargetDependency section */

/* Begin PBXVariantGroup section */
		9881B23023E3A72800D970B8 /* LaunchScreen.storyboard */ = {
			isa = PBXVariantGroup;
			children = (
				9881B23123E3A72800D970B8 /* Base */,
			);
			name = LaunchScreen.storyboard;
			sourceTree = "<group>";
		};
/* End PBXVariantGroup section */

/* Begin XCBuildConfiguration section */
		9881B24A23E3A72800D970B8 /* Debug */ = {
			isa = XCBuildConfiguration;
			buildSettings = {
				ALWAYS_SEARCH_USER_PATHS = NO;
				CLANG_ANALYZER_NONNULL = YES;
				CLANG_ANALYZER_NUMBER_OBJECT_CONVERSION = YES_AGGRESSIVE;
				CLANG_CXX_LANGUAGE_STANDARD = "gnu++14";
				CLANG_CXX_LIBRARY = "libc++";
				CLANG_ENABLE_MODULES = YES;
				CLANG_ENABLE_OBJC_ARC = YES;
				CLANG_ENABLE_OBJC_WEAK = YES;
				CLANG_WARN_BLOCK_CAPTURE_AUTORELEASING = YES;
				CLANG_WARN_BOOL_CONVERSION = YES;
				CLANG_WARN_COMMA = YES;
				CLANG_WARN_CONSTANT_CONVERSION = YES;
				CLANG_WARN_DEPRECATED_OBJC_IMPLEMENTATIONS = YES;
				CLANG_WARN_DIRECT_OBJC_ISA_USAGE = YES_ERROR;
				CLANG_WARN_DOCUMENTATION_COMMENTS = YES;
				CLANG_WARN_EMPTY_BODY = YES;
				CLANG_WARN_ENUM_CONVERSION = YES;
				CLANG_WARN_INFINITE_RECURSION = YES;
				CLANG_WARN_INT_CONVERSION = YES;
				CLANG_WARN_NON_LITERAL_NULL_CONVERSION = YES;
				CLANG_WARN_OBJC_IMPLICIT_RETAIN_SELF = YES;
				CLANG_WARN_OBJC_LITERAL_CONVERSION = YES;
				CLANG_WARN_OBJC_ROOT_CLASS = YES_ERROR;
				CLANG_WARN_RANGE_LOOP_ANALYSIS = YES;
				CLANG_WARN_STRICT_PROTOTYPES = YES;
				CLANG_WARN_SUSPICIOUS_MOVE = YES;
				CLANG_WARN_UNGUARDED_AVAILABILITY = YES_AGGRESSIVE;
				CLANG_WARN_UNREACHABLE_CODE = YES;
				CLANG_WARN__DUPLICATE_METHOD_MATCH = YES;
				COPY_PHASE_STRIP = NO;
				DEBUG_INFORMATION_FORMAT = dwarf;
				ENABLE_STRICT_OBJC_MSGSEND = YES;
				ENABLE_TESTABILITY = YES;
				GCC_C_LANGUAGE_STANDARD = gnu11;
				GCC_DYNAMIC_NO_PIC = NO;
				GCC_NO_COMMON_BLOCKS = YES;
				GCC_OPTIMIZATION_LEVEL = 0;
				GCC_PREPROCESSOR_DEFINITIONS = (
					"DEBUG=1",
					"$(inherited)",
				);
				GCC_WARN_64_TO_32_BIT_CONVERSION = YES;
				GCC_WARN_ABOUT_RETURN_TYPE = YES_ERROR;
				GCC_WARN_UNDECLARED_SELECTOR = YES;
				GCC_WARN_UNINITIALIZED_AUTOS = YES_AGGRESSIVE;
				GCC_WARN_UNUSED_FUNCTION = YES;
				GCC_WARN_UNUSED_VARIABLE = YES;
				IPHONEOS_DEPLOYMENT_TARGET = 13.2;
				MTL_ENABLE_DEBUG_INFO = INCLUDE_SOURCE;
				MTL_FAST_MATH = YES;
				ONLY_ACTIVE_ARCH = YES;
				SDKROOT = iphoneos;
				SWIFT_ACTIVE_COMPILATION_CONDITIONS = DEBUG;
				SWIFT_OPTIMIZATION_LEVEL = "-Onone";
			};
			name = Debug;
		};
		9881B24B23E3A72800D970B8 /* Release */ = {
			isa = XCBuildConfiguration;
			buildSettings = {
				ALWAYS_SEARCH_USER_PATHS = NO;
				CLANG_ANALYZER_NONNULL = YES;
				CLANG_ANALYZER_NUMBER_OBJECT_CONVERSION = YES_AGGRESSIVE;
				CLANG_CXX_LANGUAGE_STANDARD = "gnu++14";
				CLANG_CXX_LIBRARY = "libc++";
				CLANG_ENABLE_MODULES = YES;
				CLANG_ENABLE_OBJC_ARC = YES;
				CLANG_ENABLE_OBJC_WEAK = YES;
				CLANG_WARN_BLOCK_CAPTURE_AUTORELEASING = YES;
				CLANG_WARN_BOOL_CONVERSION = YES;
				CLANG_WARN_COMMA = YES;
				CLANG_WARN_CONSTANT_CONVERSION = YES;
				CLANG_WARN_DEPRECATED_OBJC_IMPLEMENTATIONS = YES;
				CLANG_WARN_DIRECT_OBJC_ISA_USAGE = YES_ERROR;
				CLANG_WARN_DOCUMENTATION_COMMENTS = YES;
				CLANG_WARN_EMPTY_BODY = YES;
				CLANG_WARN_ENUM_CONVERSION = YES;
				CLANG_WARN_INFINITE_RECURSION = YES;
				CLANG_WARN_INT_CONVERSION = YES;
				CLANG_WARN_NON_LITERAL_NULL_CONVERSION = YES;
				CLANG_WARN_OBJC_IMPLICIT_RETAIN_SELF = YES;
				CLANG_WARN_OBJC_LITERAL_CONVERSION = YES;
				CLANG_WARN_OBJC_ROOT_CLASS = YES_ERROR;
				CLANG_WARN_RANGE_LOOP_ANALYSIS = YES;
				CLANG_WARN_STRICT_PROTOTYPES = YES;
				CLANG_WARN_SUSPICIOUS_MOVE = YES;
				CLANG_WARN_UNGUARDED_AVAILABILITY = YES_AGGRESSIVE;
				CLANG_WARN_UNREACHABLE_CODE = YES;
				CLANG_WARN__DUPLICATE_METHOD_MATCH = YES;
				COPY_PHASE_STRIP = NO;
				DEBUG_INFORMATION_FORMAT = "dwarf-with-dsym";
				ENABLE_NS_ASSERTIONS = NO;
				ENABLE_STRICT_OBJC_MSGSEND = YES;
				GCC_C_LANGUAGE_STANDARD = gnu11;
				GCC_NO_COMMON_BLOCKS = YES;
				GCC_WARN_64_TO_32_BIT_CONVERSION = YES;
				GCC_WARN_ABOUT_RETURN_TYPE = YES_ERROR;
				GCC_WARN_UNDECLARED_SELECTOR = YES;
				GCC_WARN_UNINITIALIZED_AUTOS = YES_AGGRESSIVE;
				GCC_WARN_UNUSED_FUNCTION = YES;
				GCC_WARN_UNUSED_VARIABLE = YES;
				IPHONEOS_DEPLOYMENT_TARGET = 13.2;
				MTL_ENABLE_DEBUG_INFO = NO;
				MTL_FAST_MATH = YES;
				SDKROOT = iphoneos;
				SWIFT_COMPILATION_MODE = wholemodule;
				SWIFT_OPTIMIZATION_LEVEL = "-O";
				VALIDATE_PRODUCT = YES;
			};
			name = Release;
		};
		9881B24D23E3A72800D970B8 /* Debug */ = {
			isa = XCBuildConfiguration;
			baseConfigurationReference = 91B7F1AB28321F726126B243 /* Pods-Wasteland.debug.xcconfig */;
			buildSettings = {
				ASSETCATALOG_COMPILER_APPICON_NAME = AppIcon;
				CODE_SIGN_STYLE = Automatic;
				DEVELOPMENT_ASSET_PATHS = "\"Wasteland/Preview Content\"";
				DEVELOPMENT_TEAM = 536W5472QR;
				ENABLE_PREVIEWS = YES;
				INFOPLIST_FILE = Wasteland/Info.plist;
				LD_RUNPATH_SEARCH_PATHS = (
					"$(inherited)",
					"@executable_path/Frameworks",
				);
				PRODUCT_BUNDLE_IDENTIFIER = "com.william-stevenson.Wasteland";
				PRODUCT_NAME = "$(TARGET_NAME)";
				SWIFT_VERSION = 5.0;
				TARGETED_DEVICE_FAMILY = "1,2";
			};
			name = Debug;
		};
		9881B24E23E3A72800D970B8 /* Release */ = {
			isa = XCBuildConfiguration;
			baseConfigurationReference = 7ED36EC84782B6596C0EAF1D /* Pods-Wasteland.release.xcconfig */;
			buildSettings = {
				ASSETCATALOG_COMPILER_APPICON_NAME = AppIcon;
				CODE_SIGN_STYLE = Automatic;
				DEVELOPMENT_ASSET_PATHS = "\"Wasteland/Preview Content\"";
				DEVELOPMENT_TEAM = 536W5472QR;
				ENABLE_PREVIEWS = YES;
				INFOPLIST_FILE = Wasteland/Info.plist;
				LD_RUNPATH_SEARCH_PATHS = (
					"$(inherited)",
					"@executable_path/Frameworks",
				);
				PRODUCT_BUNDLE_IDENTIFIER = "com.william-stevenson.Wasteland";
				PRODUCT_NAME = "$(TARGET_NAME)";
				SWIFT_VERSION = 5.0;
				TARGETED_DEVICE_FAMILY = "1,2";
			};
			name = Release;
		};
		9881B25023E3A72800D970B8 /* Debug */ = {
			isa = XCBuildConfiguration;
			baseConfigurationReference = C7FFA97E03A06E75F8C35577 /* Pods-WastelandTests.debug.xcconfig */;
			buildSettings = {
				ALWAYS_EMBED_SWIFT_STANDARD_LIBRARIES = YES;
				BUNDLE_LOADER = "$(TEST_HOST)";
				CODE_SIGN_STYLE = Automatic;
				DEVELOPMENT_TEAM = 536W5472QR;
				INFOPLIST_FILE = WastelandTests/Info.plist;
				IPHONEOS_DEPLOYMENT_TARGET = 13.2;
				LD_RUNPATH_SEARCH_PATHS = (
					"$(inherited)",
					"@executable_path/Frameworks",
					"@loader_path/Frameworks",
				);
				PRODUCT_BUNDLE_IDENTIFIER = "com.william-stevenson.WastelandTests";
				PRODUCT_NAME = "$(TARGET_NAME)";
				SWIFT_VERSION = 5.0;
				TARGETED_DEVICE_FAMILY = "1,2";
				TEST_HOST = "$(BUILT_PRODUCTS_DIR)/Wasteland.app/Wasteland";
			};
			name = Debug;
		};
		9881B25123E3A72800D970B8 /* Release */ = {
			isa = XCBuildConfiguration;
			baseConfigurationReference = 3B20242A04CA6D1382CD1995 /* Pods-WastelandTests.release.xcconfig */;
			buildSettings = {
				ALWAYS_EMBED_SWIFT_STANDARD_LIBRARIES = YES;
				BUNDLE_LOADER = "$(TEST_HOST)";
				CODE_SIGN_STYLE = Automatic;
				DEVELOPMENT_TEAM = 536W5472QR;
				INFOPLIST_FILE = WastelandTests/Info.plist;
				IPHONEOS_DEPLOYMENT_TARGET = 13.2;
				LD_RUNPATH_SEARCH_PATHS = (
					"$(inherited)",
					"@executable_path/Frameworks",
					"@loader_path/Frameworks",
				);
				PRODUCT_BUNDLE_IDENTIFIER = "com.william-stevenson.WastelandTests";
				PRODUCT_NAME = "$(TARGET_NAME)";
				SWIFT_VERSION = 5.0;
				TARGETED_DEVICE_FAMILY = "1,2";
				TEST_HOST = "$(BUILT_PRODUCTS_DIR)/Wasteland.app/Wasteland";
			};
			name = Release;
		};
		9881B25323E3A72800D970B8 /* Debug */ = {
			isa = XCBuildConfiguration;
			baseConfigurationReference = C74D4C6121DB7D9C62338AAB /* Pods-WastelandUITests.debug.xcconfig */;
			buildSettings = {
				ALWAYS_EMBED_SWIFT_STANDARD_LIBRARIES = YES;
				CODE_SIGN_STYLE = Automatic;
				DEVELOPMENT_TEAM = 536W5472QR;
				INFOPLIST_FILE = WastelandUITests/Info.plist;
				LD_RUNPATH_SEARCH_PATHS = (
					"$(inherited)",
					"@executable_path/Frameworks",
					"@loader_path/Frameworks",
				);
				PRODUCT_BUNDLE_IDENTIFIER = "com.william-stevenson.WastelandUITests";
				PRODUCT_NAME = "$(TARGET_NAME)";
				SWIFT_VERSION = 5.0;
				TARGETED_DEVICE_FAMILY = "1,2";
				TEST_TARGET_NAME = Wasteland;
			};
			name = Debug;
		};
		9881B25423E3A72800D970B8 /* Release */ = {
			isa = XCBuildConfiguration;
			baseConfigurationReference = 14DB1514E25067B761597F4E /* Pods-WastelandUITests.release.xcconfig */;
			buildSettings = {
				ALWAYS_EMBED_SWIFT_STANDARD_LIBRARIES = YES;
				CODE_SIGN_STYLE = Automatic;
				DEVELOPMENT_TEAM = 536W5472QR;
				INFOPLIST_FILE = WastelandUITests/Info.plist;
				LD_RUNPATH_SEARCH_PATHS = (
					"$(inherited)",
					"@executable_path/Frameworks",
					"@loader_path/Frameworks",
				);
				PRODUCT_BUNDLE_IDENTIFIER = "com.william-stevenson.WastelandUITests";
				PRODUCT_NAME = "$(TARGET_NAME)";
				SWIFT_VERSION = 5.0;
				TARGETED_DEVICE_FAMILY = "1,2";
				TEST_TARGET_NAME = Wasteland;
			};
			name = Release;
		};
/* End XCBuildConfiguration section */

/* Begin XCConfigurationList section */
		9881B21D23E3A72700D970B8 /* Build configuration list for PBXProject "Wasteland" */ = {
			isa = XCConfigurationList;
			buildConfigurations = (
				9881B24A23E3A72800D970B8 /* Debug */,
				9881B24B23E3A72800D970B8 /* Release */,
			);
			defaultConfigurationIsVisible = 0;
			defaultConfigurationName = Release;
		};
		9881B24C23E3A72800D970B8 /* Build configuration list for PBXNativeTarget "Wasteland" */ = {
			isa = XCConfigurationList;
			buildConfigurations = (
				9881B24D23E3A72800D970B8 /* Debug */,
				9881B24E23E3A72800D970B8 /* Release */,
			);
			defaultConfigurationIsVisible = 0;
			defaultConfigurationName = Release;
		};
		9881B24F23E3A72800D970B8 /* Build configuration list for PBXNativeTarget "WastelandTests" */ = {
			isa = XCConfigurationList;
			buildConfigurations = (
				9881B25023E3A72800D970B8 /* Debug */,
				9881B25123E3A72800D970B8 /* Release */,
			);
			defaultConfigurationIsVisible = 0;
			defaultConfigurationName = Release;
		};
		9881B25223E3A72800D970B8 /* Build configuration list for PBXNativeTarget "WastelandUITests" */ = {
			isa = XCConfigurationList;
			buildConfigurations = (
				9881B25323E3A72800D970B8 /* Debug */,
				9881B25423E3A72800D970B8 /* Release */,
			);
			defaultConfigurationIsVisible = 0;
			defaultConfigurationName = Release;
		};
/* End XCConfigurationList section */
	};
	rootObject = 9881B21A23E3A72700D970B8 /* Project object */;
}
